
Microsoft Visual Studio Solution File, Format Version 10.00
# Visual Studio 2008
Project("{F184B08F-C81C-45F6-A57F-5ABD9991F28F}") = "Notepad", "Notepad\Notepad.vbproj", "{772D9251-4ABF-4344-90DD-5C6CC1FCAEEF}"
EndProject
Global
	GlobalSection(SolutionConfigurationPlatforms) = preSolution
		Debug|Any CPU = Debug|Any CPU
		Release|Any CPU = Release|Any CPU
	EndGlobalSection
	GlobalSection(ProjectConfigurationPlatforms) = postSolution
		{772D9251-4ABF-4344-90DD-5C6CC1FCAEEF}.Debug|Any CPU.ActiveCfg = Debug|Any CPU
		{772D9251-4ABF-4344-90DD-5C6CC1FCAEEF}.Debug|Any CPU.Build.0 = Debug|Any CPU
		{772D9251-4ABF-4344-90DD-5C6CC1FCAEEF}.Release|Any CPU.ActiveCfg = Release|Any CPU
		{772D9251-4ABF-4344-90DD-5C6CC1FCAEEF}.Release|Any CPU.Build.0 = Release|Any CPU
	EndGlobalSection
	GlobalSection(SolutionProperties) = preSolution
		HideSolutionNode = FALSE
	EndGlobalSection
EndGlobal
